
Microsoft Visual Studio Solution File, Format Version 12.00
# Visual Studio Version 17
VisualStudioVersion = 17.14.36221.1
MinimumVisualStudioVersion = 10.0.40219.1
Project("{FAE04EC0-301F-11D3-BF4B-00C04F79EFBC}") = "BulkyWeb", "BulkyWeb\BulkyWeb.csproj", "{14968C5D-A6AD-4831-B666-26F8B75BC6AE}"
EndProject
Project("{FAE04EC0-301F-11D3-BF4B-00C04F79EFBC}") = "WebApplication1", "WebApplication1\WebApplication1.csproj", "{E60B6097-C829-4DFB-A490-F3A5B8F914EE}"
EndProject
Global
	GlobalSection(SolutionConfigurationPlatforms) = preSolution
		Debug|Any CPU = Debug|Any CPU
		Release|Any CPU = Release|Any CPU
	EndGlobalSection
	GlobalSection(ProjectConfigurationPlatforms) = postSolution
		{14968C5D-A6AD-4831-B666-26F8B75BC6AE}.Debug|Any CPU.ActiveCfg = Debug|Any CPU
		{14968C5D-A6AD-4831-B666-26F8B75BC6AE}.Debug|Any CPU.Build.0 = Debug|Any CPU
		{14968C5D-A6AD-4831-B666-26F8B75BC6AE}.Release|Any CPU.ActiveCfg = Release|Any CPU
		{14968C5D-A6AD-4831-B666-26F8B75BC6AE}.Release|Any CPU.Build.0 = Release|Any CPU
		{E60B6097-C829-4DFB-A490-F3A5B8F914EE}.Debug|Any CPU.ActiveCfg = Debug|Any CPU
		{E60B6097-C829-4DFB-A490-F3A5B8F914EE}.Debug|Any CPU.Build.0 = Debug|Any CPU
		{E60B6097-C829-4DFB-A490-F3A5B8F914EE}.Release|Any CPU.ActiveCfg = Release|Any CPU
		{E60B6097-C829-4DFB-A490-F3A5B8F914EE}.Release|Any CPU.Build.0 = Release|Any CPU
	EndGlobalSection
	GlobalSection(SolutionProperties) = preSolution
		HideSolutionNode = FALSE
	EndGlobalSection
	GlobalSection(ExtensibilityGlobals) = postSolution
		SolutionGuid = {0C7B0947-A7D1-4671-9ABC-31DFF1BE52CF}
	EndGlobalSection
EndGlobal
